
Microsoft Visual Studio Solution File, Format Version 12.00
# Visual Studio Version 17
VisualStudioVersion = 17.14.36109.1
MinimumVisualStudioVersion = 10.0.40219.1
Project("{2150E333-8FDC-42A3-9474-1A3956D46DE8}") = "src", "src", "{02EA681E-C7D8-13C7-8484-4AC65E1B71E8}"
EndProject
Project("{2150E333-8FDC-42A3-9474-1A3956D46DE8}") = "tests", "tests", "{1316A133-443B-40AF-A252-65AF7E54C36A}"
EndProject
Project("{2150E333-8FDC-42A3-9474-1A3956D46DE8}") = "MilkingYield", "MilkingYield", "{A8E186C6-F76C-4A73-94FB-AB4FFD14FC02}"
EndProject
Project("{FAE04EC0-301F-11D3-BF4B-00C04F79EFBC}") = "SharedKernel", "src\SharedKernel\SharedKernel.csproj", "{10EBAD55-C37A-4471-A9B8-64634F491079}"
EndProject
Project("{FAE04EC0-301F-11D3-BF4B-00C04F79EFBC}") = "Milking.Domain", "src\MilkingYield\Milking.Domain\Milking.Domain.csproj", "{F36F98B3-42B4-1E80-8C18-BC5A34D66657}"
EndProject
Project("{2150E333-8FDC-42A3-9474-1A3956D46DE8}") = "MilkingYield", "MilkingYield", "{D7DF15E7-2522-4FEC-AA13-2E7A2B4331AF}"
EndProject
Project("{FAE04EC0-301F-11D3-BF4B-00C04F79EFBC}") = "MilkingYield.Domain.UnitTests", "tests\MilkingYield.Domain.UnitTests\MilkingYield.Domain.UnitTests.csproj", "{6D404C96-AC92-42A3-9146-C549E9A448D2}"
EndProject
Global
	GlobalSection(SolutionConfigurationPlatforms) = preSolution
		Debug|Any CPU = Debug|Any CPU
		Release|Any CPU = Release|Any CPU
	EndGlobalSection
	GlobalSection(ProjectConfigurationPlatforms) = postSolution
		{10EBAD55-C37A-4471-A9B8-64634F491079}.Debug|Any CPU.ActiveCfg = Debug|Any CPU
		{10EBAD55-C37A-4471-A9B8-64634F491079}.Debug|Any CPU.Build.0 = Debug|Any CPU
		{10EBAD55-C37A-4471-A9B8-64634F491079}.Release|Any CPU.ActiveCfg = Release|Any CPU
		{10EBAD55-C37A-4471-A9B8-64634F491079}.Release|Any CPU.Build.0 = Release|Any CPU
		{F36F98B3-42B4-1E80-8C18-BC5A34D66657}.Debug|Any CPU.ActiveCfg = Debug|Any CPU
		{F36F98B3-42B4-1E80-8C18-BC5A34D66657}.Debug|Any CPU.Build.0 = Debug|Any CPU
		{F36F98B3-42B4-1E80-8C18-BC5A34D66657}.Release|Any CPU.ActiveCfg = Release|Any CPU
		{F36F98B3-42B4-1E80-8C18-BC5A34D66657}.Release|Any CPU.Build.0 = Release|Any CPU
		{6D404C96-AC92-42A3-9146-C549E9A448D2}.Debug|Any CPU.ActiveCfg = Debug|Any CPU
		{6D404C96-AC92-42A3-9146-C549E9A448D2}.Debug|Any CPU.Build.0 = Debug|Any CPU
		{6D404C96-AC92-42A3-9146-C549E9A448D2}.Release|Any CPU.ActiveCfg = Release|Any CPU
		{6D404C96-AC92-42A3-9146-C549E9A448D2}.Release|Any CPU.Build.0 = Release|Any CPU
	EndGlobalSection
	GlobalSection(SolutionProperties) = preSolution
		HideSolutionNode = FALSE
	EndGlobalSection
	GlobalSection(NestedProjects) = preSolution
		{A8E186C6-F76C-4A73-94FB-AB4FFD14FC02} = {02EA681E-C7D8-13C7-8484-4AC65E1B71E8}
		{10EBAD55-C37A-4471-A9B8-64634F491079} = {02EA681E-C7D8-13C7-8484-4AC65E1B71E8}
		{F36F98B3-42B4-1E80-8C18-BC5A34D66657} = {A8E186C6-F76C-4A73-94FB-AB4FFD14FC02}
		{D7DF15E7-2522-4FEC-AA13-2E7A2B4331AF} = {1316A133-443B-40AF-A252-65AF7E54C36A}
		{6D404C96-AC92-42A3-9146-C549E9A448D2} = {D7DF15E7-2522-4FEC-AA13-2E7A2B4331AF}
	EndGlobalSection
	GlobalSection(ExtensibilityGlobals) = postSolution
		SolutionGuid = {D6AE305B-522A-4391-8127-CCFCE35CEFEF}
	EndGlobalSection
EndGlobal
